// !$*UTF8*$!
{
	archiveVersion = 1;
	classes = {
	};
	objectVersion = 77;
	objects = {

/* Begin PBXBuildFile section */
		95092FAD2E034D5D0051A29F /* DomainLogic in Frameworks */ = {isa = PBXBuildFile; productRef = 95092FAC2E034D5D0051A29F /* DomainLogic */; };
		95092FB02E034DB50051A29F /* CoreModels in Frameworks */ = {isa = PBXBuildFile; productRef = 95092FAF2E034DB50051A29F /* CoreModels */; };
		95092FB42E036E490051A29F /* Features in Frameworks */ = {isa = PBXBuildFile; productRef = 95092FB32E036E490051A29F /* Features */; };
		95092FB62E036E4C0051A29F /* Infrastructure in Frameworks */ = {isa = PBXBuildFile; productRef = 95092FB52E036E4C0051A29F /* Infrastructure */; };
		9526954F2E0732B30087F470 /* WidgetKit.framework in Frameworks */ = {isa = PBXBuildFile; fileRef = 9526954E2E0732B30087F470 /* WidgetKit.framework */; };
		952695512E0732B30087F470 /* SwiftUI.framework in Frameworks */ = {isa = PBXBuildFile; fileRef = 952695502E0732B30087F470 /* SwiftUI.framework */; };
		952695622E0732B40087F470 /* DreamWidgetsExtension.appex in Embed Foundation Extensions */ = {isa = PBXBuildFile; fileRef = 9526954D2E0732B30087F470 /* DreamWidgetsExtension.appex */; settings = {ATTRIBUTES = (RemoveHeadersOnCopy, ); }; };
/* End PBXBuildFile section */

/* Begin PBXContainerItemProxy section */
		952695602E0732B40087F470 /* PBXContainerItemProxy */ = {
			isa = PBXContainerItemProxy;
			containerPortal = 95467E042E02037B00885C6F /* Project object */;
			proxyType = 1;
			remoteGlobalIDString = 9526954C2E0732B30087F470;
			remoteInfo = DreamWidgetsExtension;
		};
		95467E1A2E02037C00885C6F /* PBXContainerItemProxy */ = {
			isa = PBXContainerItemProxy;
			containerPortal = 95467E042E02037B00885C6F /* Project object */;
			proxyType = 1;
			remoteGlobalIDString = 95467E0B2E02037B00885C6F;
			remoteInfo = dream;
		};
		95467E242E02037C00885C6F /* PBXContainerItemProxy */ = {
			isa = PBXContainerItemProxy;
			containerPortal = 95467E042E02037B00885C6F /* Project object */;
			proxyType = 1;
			remoteGlobalIDString = 95467E0B2E02037B00885C6F;
			remoteInfo = dream;
		};
/* End PBXContainerItemProxy section */

/* Begin PBXCopyFilesBuildPhase section */
		952695672E0732B40087F470 /* Embed Foundation Extensions */ = {
			isa = PBXCopyFilesBuildPhase;
			buildActionMask = 2147483647;
			dstPath = "";
			dstSubfolderSpec = 13;
			files = (
				952695622E0732B40087F470 /* DreamWidgetsExtension.appex in Embed Foundation Extensions */,
			);
			name = "Embed Foundation Extensions";
			runOnlyForDeploymentPostprocessing = 0;
		};
/* End PBXCopyFilesBuildPhase section */

/* Begin PBXFileReference section */
		95092FAB2E034D490051A29F /* DomainLogic */ = {isa = PBXFileReference; lastKnownFileType = wrapper; name = DomainLogic; path = ../DomainLogic; sourceTree = SOURCE_ROOT; };
		95092FAE2E034DA30051A29F /* CoreModels */ = {isa = PBXFileReference; lastKnownFileType = wrapper; name = CoreModels; path = ../CoreModels; sourceTree = SOURCE_ROOT; };
		95092FB12E035F170051A29F /* Infrastructure */ = {isa = PBXFileReference; lastKnownFileType = wrapper; name = Infrastructure; path = ../Infrastructure; sourceTree = SOURCE_ROOT; };
		95092FB22E036D8E0051A29F /* Features */ = {isa = PBXFileReference; lastKnownFileType = wrapper; name = Features; path = ../Features; sourceTree = SOURCE_ROOT; };
		9526954D2E0732B30087F470 /* DreamWidgetsExtension.appex */ = {isa = PBXFileReference; explicitFileType = "wrapper.app-extension"; includeInIndex = 0; path = DreamWidgetsExtension.appex; sourceTree = BUILT_PRODUCTS_DIR; };
		9526954E2E0732B30087F470 /* WidgetKit.framework */ = {isa = PBXFileReference; lastKnownFileType = wrapper.framework; name = WidgetKit.framework; path = System/Library/Frameworks/WidgetKit.framework; sourceTree = SDKROOT; };
		952695502E0732B30087F470 /* SwiftUI.framework */ = {isa = PBXFileReference; lastKnownFileType = wrapper.framework; name = SwiftUI.framework; path = System/Library/Frameworks/SwiftUI.framework; sourceTree = SDKROOT; };
		95467E0C2E02037B00885C6F /* dream.app */ = {isa = PBXFileReference; explicitFileType = wrapper.application; includeInIndex = 0; path = dream.app; sourceTree = BUILT_PRODUCTS_DIR; };
		95467E192E02037C00885C6F /* dreamTests.xctest */ = {isa = PBXFileReference; explicitFileType = wrapper.cfbundle; includeInIndex = 0; path = dreamTests.xctest; sourceTree = BUILT_PRODUCTS_DIR; };
		95467E232E02037C00885C6F /* dreamUITests.xctest */ = {isa = PBXFileReference; explicitFileType = wrapper.cfbundle; includeInIndex = 0; path = dreamUITests.xctest; sourceTree = BUILT_PRODUCTS_DIR; };
/* End PBXFileReference section */

/* Begin PBXFileSystemSynchronizedBuildFileExceptionSet section */
		95092FB82E03775A0051A29F /* Exceptions for "dream" folder in "dream" target */ = {
			isa = PBXFileSystemSynchronizedBuildFileExceptionSet;
			membershipExceptions = (
				Info.plist,
			);
			target = 95467E0B2E02037B00885C6F /* dream */;
		};
		952695662E0732B40087F470 /* Exceptions for "DreamWidgets" folder in "DreamWidgetsExtension" target */ = {
			isa = PBXFileSystemSynchronizedBuildFileExceptionSet;
			membershipExceptions = (
				Info.plist,
			);
			target = 9526954C2E0732B30087F470 /* DreamWidgetsExtension */;
		};
/* End PBXFileSystemSynchronizedBuildFileExceptionSet section */

/* Begin PBXFileSystemSynchronizedRootGroup section */
		952695522E0732B30087F470 /* DreamWidgets */ = {
			isa = PBXFileSystemSynchronizedRootGroup;
			exceptions = (
				952695662E0732B40087F470 /* Exceptions for "DreamWidgets" folder in "DreamWidgetsExtension" target */,
			);
			path = DreamWidgets;
			sourceTree = "<group>";
		};
		95467E0E2E02037B00885C6F /* dream */ = {
			isa = PBXFileSystemSynchronizedRootGroup;
			exceptions = (
				95092FB82E03775A0051A29F /* Exceptions for "dream" folder in "dream" target */,
			);
			path = dream;
			sourceTree = "<group>";
		};
		95467E1C2E02037C00885C6F /* dreamTests */ = {
			isa = PBXFileSystemSynchronizedRootGroup;
			path = dreamTests;
			sourceTree = "<group>";
		};
		95467E262E02037C00885C6F /* dreamUITests */ = {
			isa = PBXFileSystemSynchronizedRootGroup;
			path = dreamUITests;
			sourceTree = "<group>";
		};
/* End PBXFileSystemSynchronizedRootGroup section */

/* Begin PBXFrameworksBuildPhase section */
		9526954A2E0732B30087F470 /* Frameworks */ = {
			isa = PBXFrameworksBuildPhase;
			buildActionMask = 2147483647;
			files = (
				952695512E0732B30087F470 /* SwiftUI.framework in Frameworks */,
				9526954F2E0732B30087F470 /* WidgetKit.framework in Frameworks */,
			);
			runOnlyForDeploymentPostprocessing = 0;
		};
		95467E092E02037B00885C6F /* Frameworks */ = {
			isa = PBXFrameworksBuildPhase;
			buildActionMask = 2147483647;
			files = (
				95092FB42E036E490051A29F /* Features in Frameworks */,
				95092FAD2E034D5D0051A29F /* DomainLogic in Frameworks */,
				95092FB02E034DB50051A29F /* CoreModels in Frameworks */,
				95092FB62E036E4C0051A29F /* Infrastructure in Frameworks */,
			);
			runOnlyForDeploymentPostprocessing = 0;
		};
		95467E162E02037C00885C6F /* Frameworks */ = {
			isa = PBXFrameworksBuildPhase;
			buildActionMask = 2147483647;
			files = (
			);
			runOnlyForDeploymentPostprocessing = 0;
		};
		95467E202E02037C00885C6F /* Frameworks */ = {
			isa = PBXFrameworksBuildPhase;
			buildActionMask = 2147483647;
			files = (
			);
			runOnlyForDeploymentPostprocessing = 0;
		};
/* End PBXFrameworksBuildPhase section */

/* Begin PBXGroup section */
		95092FA82E0349130051A29F /* Frameworks */ = {
			isa = PBXGroup;
			children = (
				9526954E2E0732B30087F470 /* WidgetKit.framework */,
				952695502E0732B30087F470 /* SwiftUI.framework */,
			);
			name = Frameworks;
			sourceTree = "<group>";
		};
		95467E032E02037B00885C6F = {
			isa = PBXGroup;
			children = (
				95092FB22E036D8E0051A29F /* Features */,
				95092FB12E035F170051A29F /* Infrastructure */,
				95092FAE2E034DA30051A29F /* CoreModels */,
				95092FAB2E034D490051A29F /* DomainLogic */,
				95467E0E2E02037B00885C6F /* dream */,
				95467E1C2E02037C00885C6F /* dreamTests */,
				95467E262E02037C00885C6F /* dreamUITests */,
				952695522E0732B30087F470 /* DreamWidgets */,
				95092FA82E0349130051A29F /* Frameworks */,
				95467E0D2E02037B00885C6F /* Products */,
			);
			sourceTree = "<group>";
		};
		95467E0D2E02037B00885C6F /* Products */ = {
			isa = PBXGroup;
			children = (
				95467E0C2E02037B00885C6F /* dream.app */,
				95467E192E02037C00885C6F /* dreamTests.xctest */,
				95467E232E02037C00885C6F /* dreamUITests.xctest */,
				9526954D2E0732B30087F470 /* DreamWidgetsExtension.appex */,
			);
			name = Products;
			sourceTree = "<group>";
		};
/* End PBXGroup section */

/* Begin PBXNativeTarget section */
		9526954C2E0732B30087F470 /* DreamWidgetsExtension */ = {
			isa = PBXNativeTarget;
			buildConfigurationList = 952695632E0732B40087F470 /* Build configuration list for PBXNativeTarget "DreamWidgetsExtension" */;
			buildPhases = (
				952695492E0732B30087F470 /* Sources */,
				9526954A2E0732B30087F470 /* Frameworks */,
				9526954B2E0732B30087F470 /* Resources */,
			);
			buildRules = (
			);
			dependencies = (
			);
			fileSystemSynchronizedGroups = (
				952695522E0732B30087F470 /* DreamWidgets */,
			);
			name = DreamWidgetsExtension;
			packageProductDependencies = (
			);
			productName = DreamWidgetsExtension;
			productReference = 9526954D2E0732B30087F470 /* DreamWidgetsExtension.appex */;
			productType = "com.apple.product-type.app-extension";
		};
		95467E0B2E02037B00885C6F /* dream */ = {
			isa = PBXNativeTarget;
			buildConfigurationList = 95467E2D2E02037C00885C6F /* Build configuration list for PBXNativeTarget "dream" */;
			buildPhases = (
				95467E082E02037B00885C6F /* Sources */,
				95467E092E02037B00885C6F /* Frameworks */,
				95467E0A2E02037B00885C6F /* Resources */,
				952695672E0732B40087F470 /* Embed Foundation Extensions */,
			);
			buildRules = (
			);
			dependencies = (
				952695612E0732B40087F470 /* PBXTargetDependency */,
			);
			fileSystemSynchronizedGroups = (
				95467E0E2E02037B00885C6F /* dream */,
			);
			name = dream;
			packageProductDependencies = (
				95092FAC2E034D5D0051A29F /* DomainLogic */,
				95092FAF2E034DB50051A29F /* CoreModels */,
				95092FB32E036E490051A29F /* Features */,
				95092FB52E036E4C0051A29F /* Infrastructure */,
			);
			productName = dream;
			productReference = 95467E0C2E02037B00885C6F /* dream.app */;
			productType = "com.apple.product-type.application";
		};
		95467E182E02037C00885C6F /* dreamTests */ = {
			isa = PBXNativeTarget;
			buildConfigurationList = 95467E302E02037C00885C6F /* Build configuration list for PBXNativeTarget "dreamTests" */;
			buildPhases = (
				95467E152E02037C00885C6F /* Sources */,
				95467E162E02037C00885C6F /* Frameworks */,
				95467E172E02037C00885C6F /* Resources */,
			);
			buildRules = (
			);
			dependencies = (
				95467E1B2E02037C00885C6F /* PBXTargetDependency */,
			);
			fileSystemSynchronizedGroups = (
				95467E1C2E02037C00885C6F /* dreamTests */,
			);
			name = dreamTests;
			packageProductDependencies = (
			);
			productName = dreamTests;
			productReference = 95467E192E02037C00885C6F /* dreamTests.xctest */;
			productType = "com.apple.product-type.bundle.unit-test";
		};
		95467E222E02037C00885C6F /* dreamUITests */ = {
			isa = PBXNativeTarget;
			buildConfigurationList = 95467E332E02037C00885C6F /* Build configuration list for PBXNativeTarget "dreamUITests" */;
			buildPhases = (
				95467E1F2E02037C00885C6F /* Sources */,
				95467E202E02037C00885C6F /* Frameworks */,
				95467E212E02037C00885C6F /* Resources */,
			);
			buildRules = (
			);
			dependencies = (
				95467E252E02037C00885C6F /* PBXTargetDependency */,
			);
			fileSystemSynchronizedGroups = (
				95467E262E02037C00885C6F /* dreamUITests */,
			);
			name = dreamUITests;
			packageProductDependencies = (
			);
			productName = dreamUITests;
			productReference = 95467E232E02037C00885C6F /* dreamUITests.xctest */;
			productType = "com.apple.product-type.bundle.ui-testing";
		};
/* End PBXNativeTarget section */

/* Begin PBXProject section */
		95467E042E02037B00885C6F /* Project object */ = {
			isa = PBXProject;
			attributes = {
				BuildIndependentTargetsInParallel = 1;
				LastSwiftUpdateCheck = 1640;
				LastUpgradeCheck = 1640;
				TargetAttributes = {
					9526954C2E0732B30087F470 = {
						CreatedOnToolsVersion = 16.4;
					};
					95467E0B2E02037B00885C6F = {
						CreatedOnToolsVersion = 16.4;
					};
					95467E182E02037C00885C6F = {
						CreatedOnToolsVersion = 16.4;
						TestTargetID = 95467E0B2E02037B00885C6F;
					};
					95467E222E02037C00885C6F = {
						CreatedOnToolsVersion = 16.4;
						TestTargetID = 95467E0B2E02037B00885C6F;
					};
				};
			};
			buildConfigurationList = 95467E072E02037B00885C6F /* Build configuration list for PBXProject "dream" */;
			developmentRegion = en;
			hasScannedForEncodings = 0;
			knownRegions = (
				en,
				Base,
			);
			mainGroup = 95467E032E02037B00885C6F;
			minimizedProjectReferenceProxies = 1;
			preferredProjectObjectVersion = 77;
			productRefGroup = 95467E0D2E02037B00885C6F /* Products */;
			projectDirPath = "";
			projectRoot = "";
			targets = (
				95467E0B2E02037B00885C6F /* dream */,
				95467E182E02037C00885C6F /* dreamTests */,
				95467E222E02037C00885C6F /* dreamUITests */,
				9526954C2E0732B30087F470 /* DreamWidgetsExtension */,
			);
		};
/* End PBXProject section */

/* Begin PBXResourcesBuildPhase section */
		9526954B2E0732B30087F470 /* Resources */ = {
			isa = PBXResourcesBuildPhase;
			buildActionMask = 2147483647;
			files = (
			);
			runOnlyForDeploymentPostprocessing = 0;
		};
		95467E0A2E02037B00885C6F /* Resources */ = {
			isa = PBXResourcesBuildPhase;
			buildActionMask = 2147483647;
			files = (
			);
			runOnlyForDeploymentPostprocessing = 0;
		};
		95467E172E02037C00885C6F /* Resources */ = {
			isa = PBXResourcesBuildPhase;
			buildActionMask = 2147483647;
			files = (
			);
			runOnlyForDeploymentPostprocessing = 0;
		};
		95467E212E02037C00885C6F /* Resources */ = {
			isa = PBXResourcesBuildPhase;
			buildActionMask = 2147483647;
			files = (
			);
			runOnlyForDeploymentPostprocessing = 0;
		};
/* End PBXResourcesBuildPhase section */

/* Begin PBXSourcesBuildPhase section */
		952695492E0732B30087F470 /* Sources */ = {
			isa = PBXSourcesBuildPhase;
			buildActionMask = 2147483647;
			files = (
			);
			runOnlyForDeploymentPostprocessing = 0;
		};
		95467E082E02037B00885C6F /* Sources */ = {
			isa = PBXSourcesBuildPhase;
			buildActionMask = 2147483647;
			files = (
			);
			runOnlyForDeploymentPostprocessing = 0;
		};
		95467E152E02037C00885C6F /* Sources */ = {
			isa = PBXSourcesBuildPhase;
			buildActionMask = 2147483647;
			files = (
			);
			runOnlyForDeploymentPostprocessing = 0;
		};
		95467E1F2E02037C00885C6F /* Sources */ = {
			isa = PBXSourcesBuildPhase;
			buildActionMask = 2147483647;
			files = (
			);
			runOnlyForDeploymentPostprocessing = 0;
		};
/* End PBXSourcesBuildPhase section */

/* Begin PBXTargetDependency section */
		952695612E0732B40087F470 /* PBXTargetDependency */ = {
			isa = PBXTargetDependency;
			target = 9526954C2E0732B30087F470 /* DreamWidgetsExtension */;
			targetProxy = 952695602E0732B40087F470 /* PBXContainerItemProxy */;
		};
		95467E1B2E02037C00885C6F /* PBXTargetDependency */ = {
			isa = PBXTargetDependency;
			target = 95467E0B2E02037B00885C6F /* dream */;
			targetProxy = 95467E1A2E02037C00885C6F /* PBXContainerItemProxy */;
		};
		95467E252E02037C00885C6F /* PBXTargetDependency */ = {
			isa = PBXTargetDependency;
			target = 95467E0B2E02037B00885C6F /* dream */;
			targetProxy = 95467E242E02037C00885C6F /* PBXContainerItemProxy */;
		};
/* End PBXTargetDependency section */

/* Begin XCBuildConfiguration section */
		952695642E0732B40087F470 /* Debug */ = {
			isa = XCBuildConfiguration;
			buildSettings = {
				ASSETCATALOG_COMPILER_GLOBAL_ACCENT_COLOR_NAME = AccentColor;
				ASSETCATALOG_COMPILER_WIDGET_BACKGROUND_COLOR_NAME = WidgetBackground;
				CODE_SIGN_STYLE = Automatic;
				CURRENT_PROJECT_VERSION = 1;
				DEVELOPMENT_TEAM = 2DU8Q2C5DK;
				GENERATE_INFOPLIST_FILE = YES;
				INFOPLIST_FILE = DreamWidgets/Info.plist;
				INFOPLIST_KEY_CFBundleDisplayName = DreamWidgets;
				INFOPLIST_KEY_NSHumanReadableCopyright = "";
				LD_RUNPATH_SEARCH_PATHS = (
					"$(inherited)",
					"@executable_path/Frameworks",
					"@executable_path/../../Frameworks",
				);
				MARKETING_VERSION = 1.0;
				PRODUCT_BUNDLE_IDENTIFIER = jaiden.dream.vivek.DreamWidgets;
				PRODUCT_NAME = "$(TARGET_NAME)";
				SKIP_INSTALL = YES;
				SWIFT_EMIT_LOC_STRINGS = YES;
				SWIFT_VERSION = 5.0;
				TARGETED_DEVICE_FAMILY = "1,2";
			};
			name = Debug;
		};
		952695652E0732B40087F470 /* Release */ = {
			isa = XCBuildConfiguration;
			buildSettings = {
				ASSETCATALOG_COMPILER_GLOBAL_ACCENT_COLOR_NAME = AccentColor;
				ASSETCATALOG_COMPILER_WIDGET_BACKGROUND_COLOR_NAME = WidgetBackground;
				CODE_SIGN_STYLE = Automatic;
				CURRENT_PROJECT_VERSION = 1;
				DEVELOPMENT_TEAM = 2DU8Q2C5DK;
				GENERATE_INFOPLIST_FILE = YES;
				INFOPLIST_FILE = DreamWidgets/Info.plist;
				INFOPLIST_KEY_CFBundleDisplayName = DreamWidgets;
				INFOPLIST_KEY_NSHumanReadableCopyright = "";
				LD_RUNPATH_SEARCH_PATHS = (
					"$(inherited)",
					"@executable_path/Frameworks",
					"@executable_path/../../Frameworks",
				);
				MARKETING_VERSION = 1.0;
				PRODUCT_BUNDLE_IDENTIFIER = jaiden.dream.vivek.DreamWidgets;
				PRODUCT_NAME = "$(TARGET_NAME)";
				SKIP_INSTALL = YES;
				SWIFT_EMIT_LOC_STRINGS = YES;
				SWIFT_VERSION = 5.0;
				TARGETED_DEVICE_FAMILY = "1,2";
			};
			name = Release;
		};
		95467E2B2E02037C00885C6F /* Debug */ = {
			isa = XCBuildConfiguration;
			buildSettings = {
				ALWAYS_SEARCH_USER_PATHS = NO;
				ASSETCATALOG_COMPILER_GENERATE_SWIFT_ASSET_SYMBOL_EXTENSIONS = YES;
				CLANG_ANALYZER_NONNULL = YES;
				CLANG_ANALYZER_NUMBER_OBJECT_CONVERSION = YES_AGGRESSIVE;
				CLANG_CXX_LANGUAGE_STANDARD = "gnu++20";
				CLANG_ENABLE_MODULES = YES;
				CLANG_ENABLE_OBJC_ARC = YES;
				CLANG_ENABLE_OBJC_WEAK = YES;
				CLANG_WARN_BLOCK_CAPTURE_AUTORELEASING = YES;
				CLANG_WARN_BOOL_CONVERSION = YES;
				CLANG_WARN_COMMA = YES;
				CLANG_WARN_CONSTANT_CONVERSION = YES;
				CLANG_WARN_DEPRECATED_OBJC_IMPLEMENTATIONS = YES;
				CLANG_WARN_DIRECT_OBJC_ISA_USAGE = YES_ERROR;
				CLANG_WARN_DOCUMENTATION_COMMENTS = YES;
				CLANG_WARN_EMPTY_BODY = YES;
				CLANG_WARN_ENUM_CONVERSION = YES;
				CLANG_WARN_INFINITE_RECURSION = YES;
				CLANG_WARN_INT_CONVERSION = YES;
				CLANG_WARN_NON_LITERAL_NULL_CONVERSION = YES;
				CLANG_WARN_OBJC_IMPLICIT_RETAIN_SELF = YES;
				CLANG_WARN_OBJC_LITERAL_CONVERSION = YES;
				CLANG_WARN_OBJC_ROOT_CLASS = YES_ERROR;
				CLANG_WARN_QUOTED_INCLUDE_IN_FRAMEWORK_HEADER = YES;
				CLANG_WARN_RANGE_LOOP_ANALYSIS = YES;
				CLANG_WARN_STRICT_PROTOTYPES = YES;
				CLANG_WARN_SUSPICIOUS_MOVE = YES;
				CLANG_WARN_UNGUARDED_AVAILABILITY = YES_AGGRESSIVE;
				CLANG_WARN_UNREACHABLE_CODE = YES;
				CLANG_WARN__DUPLICATE_METHOD_MATCH = YES;
				COPY_PHASE_STRIP = NO;
				DEBUG_INFORMATION_FORMAT = dwarf;
				ENABLE_STRICT_OBJC_MSGSEND = YES;
				ENABLE_TESTABILITY = YES;
				ENABLE_USER_SCRIPT_SANDBOXING = YES;
				GCC_C_LANGUAGE_STANDARD = gnu17;
				GCC_DYNAMIC_NO_PIC = NO;
				GCC_NO_COMMON_BLOCKS = YES;
				GCC_OPTIMIZATION_LEVEL = 0;
				GCC_PREPROCESSOR_DEFINITIONS = (
					"DEBUG=1",
					"$(inherited)",
				);
				GCC_WARN_64_TO_32_BIT_CONVERSION = YES;
				GCC_WARN_ABOUT_RETURN_TYPE = YES_ERROR;
				GCC_WARN_UNDECLARED_SELECTOR = YES;
				GCC_WARN_UNINITIALIZED_AUTOS = YES_AGGRESSIVE;
				GCC_WARN_UNUSED_FUNCTION = YES;
				GCC_WARN_UNUSED_VARIABLE = YES;
				IPHONEOS_DEPLOYMENT_TARGET = 18.5;
				LOCALIZATION_PREFERS_STRING_CATALOGS = YES;
				MTL_ENABLE_DEBUG_INFO = INCLUDE_SOURCE;
				MTL_FAST_MATH = YES;
				ONLY_ACTIVE_ARCH = YES;
				SDKROOT = iphoneos;
				SWIFT_ACTIVE_COMPILATION_CONDITIONS = "DEBUG $(inherited)";
				SWIFT_OPTIMIZATION_LEVEL = "-Onone";
			};
			name = Debug;
		};
		95467E2C2E02037C00885C6F /* Release */ = {
			isa = XCBuildConfiguration;
			buildSettings = {
				ALWAYS_SEARCH_USER_PATHS = NO;
				ASSETCATALOG_COMPILER_GENERATE_SWIFT_ASSET_SYMBOL_EXTENSIONS = YES;
				CLANG_ANALYZER_NONNULL = YES;
				CLANG_ANALYZER_NUMBER_OBJECT_CONVERSION = YES_AGGRESSIVE;
				CLANG_CXX_LANGUAGE_STANDARD = "gnu++20";
				CLANG_ENABLE_MODULES = YES;
				CLANG_ENABLE_OBJC_ARC = YES;
				CLANG_ENABLE_OBJC_WEAK = YES;
				CLANG_WARN_BLOCK_CAPTURE_AUTORELEASING = YES;
				CLANG_WARN_BOOL_CONVERSION = YES;
				CLANG_WARN_COMMA = YES;
				CLANG_WARN_CONSTANT_CONVERSION = YES;
				CLANG_WARN_DEPRECATED_OBJC_IMPLEMENTATIONS = YES;
				CLANG_WARN_DIRECT_OBJC_ISA_USAGE = YES_ERROR;
				CLANG_WARN_DOCUMENTATION_COMMENTS = YES;
				CLANG_WARN_EMPTY_BODY = YES;
				CLANG_WARN_ENUM_CONVERSION = YES;
				CLANG_WARN_INFINITE_RECURSION = YES;
				CLANG_WARN_INT_CONVERSION = YES;
				CLANG_WARN_NON_LITERAL_NULL_CONVERSION = YES;
				CLANG_WARN_OBJC_IMPLICIT_RETAIN_SELF = YES;
				CLANG_WARN_OBJC_LITERAL_CONVERSION = YES;
				CLANG_WARN_OBJC_ROOT_CLASS = YES_ERROR;
				CLANG_WARN_QUOTED_INCLUDE_IN_FRAMEWORK_HEADER = YES;
				CLANG_WARN_RANGE_LOOP_ANALYSIS = YES;
				CLANG_WARN_STRICT_PROTOTYPES = YES;
				CLANG_WARN_SUSPICIOUS_MOVE = YES;
				CLANG_WARN_UNGUARDED_AVAILABILITY = YES_AGGRESSIVE;
				CLANG_WARN_UNREACHABLE_CODE = YES;
				CLANG_WARN__DUPLICATE_METHOD_MATCH = YES;
				COPY_PHASE_STRIP = NO;
				DEBUG_INFORMATION_FORMAT = "dwarf-with-dsym";
				ENABLE_NS_ASSERTIONS = NO;
				ENABLE_STRICT_OBJC_MSGSEND = YES;
				ENABLE_USER_SCRIPT_SANDBOXING = YES;
				GCC_C_LANGUAGE_STANDARD = gnu17;
				GCC_NO_COMMON_BLOCKS = YES;
				GCC_WARN_64_TO_32_BIT_CONVERSION = YES;
				GCC_WARN_ABOUT_RETURN_TYPE = YES_ERROR;
				GCC_WARN_UNDECLARED_SELECTOR = YES;
				GCC_WARN_UNINITIALIZED_AUTOS = YES_AGGRESSIVE;
				GCC_WARN_UNUSED_FUNCTION = YES;
				GCC_WARN_UNUSED_VARIABLE = YES;
				IPHONEOS_DEPLOYMENT_TARGET = 18.5;
				LOCALIZATION_PREFERS_STRING_CATALOGS = YES;
				MTL_ENABLE_DEBUG_INFO = NO;
				MTL_FAST_MATH = YES;
				SDKROOT = iphoneos;
				SWIFT_COMPILATION_MODE = wholemodule;
				VALIDATE_PRODUCT = YES;
			};
			name = Release;
		};
		95467E2E2E02037C00885C6F /* Debug */ = {
			isa = XCBuildConfiguration;
			buildSettings = {
				ASSETCATALOG_COMPILER_APPICON_NAME = AppIcon;
				ASSETCATALOG_COMPILER_GLOBAL_ACCENT_COLOR_NAME = AccentColor;
				CODE_SIGN_STYLE = Automatic;
				CURRENT_PROJECT_VERSION = 1;
				DEVELOPMENT_TEAM = 2DU8Q2C5DK;
				ENABLE_PREVIEWS = YES;
				GENERATE_INFOPLIST_FILE = YES;
				INFOPLIST_FILE = dream/Info.plist;
				INFOPLIST_KEY_LSApplicationCategoryType = "";
				INFOPLIST_KEY_LSSupportsOpeningDocumentsInPlace = NO;
				INFOPLIST_KEY_NSLocalNetworkUsageDescription = "DreamFinder needs local-network access to talk to the development server running on your Mac.";
				INFOPLIST_KEY_NSMicrophoneUsageDescription = "";
				INFOPLIST_KEY_UIApplicationSceneManifest_Generation = YES;
				INFOPLIST_KEY_UIApplicationSupportsIndirectInputEvents = YES;
				INFOPLIST_KEY_UILaunchScreen_Generation = YES;
				INFOPLIST_KEY_UISupportedInterfaceOrientations_iPad = "UIInterfaceOrientationPortrait UIInterfaceOrientationPortraitUpsideDown UIInterfaceOrientationLandscapeLeft UIInterfaceOrientationLandscapeRight";
				INFOPLIST_KEY_UISupportedInterfaceOrientations_iPhone = "UIInterfaceOrientationPortrait UIInterfaceOrientationLandscapeLeft UIInterfaceOrientationLandscapeRight";
				LD_RUNPATH_SEARCH_PATHS = (
					"$(inherited)",
					"@executable_path/Frameworks",
				);
				MARKETING_VERSION = 1.0;
				PRODUCT_BUNDLE_IDENTIFIER = jaiden.dream.vivek;
				PRODUCT_NAME = "$(TARGET_NAME)";
				SWIFT_EMIT_LOC_STRINGS = YES;
				SWIFT_STRICT_CONCURRENCY = complete;
				SWIFT_VERSION = 5.0;
				TARGETED_DEVICE_FAMILY = "1,2";
				_EXPERIMENTAL_SWIFT_EXPLICIT_MODULES = YES;
			};
			name = Debug;
		};
		95467E2F2E02037C00885C6F /* Release */ = {
			isa = XCBuildConfiguration;
			buildSettings = {
				ASSETCATALOG_COMPILER_APPICON_NAME = AppIcon;
				ASSETCATALOG_COMPILER_GLOBAL_ACCENT_COLOR_NAME = AccentColor;
				CODE_SIGN_STYLE = Automatic;
				CURRENT_PROJECT_VERSION = 1;
				DEVELOPMENT_TEAM = 2DU8Q2C5DK;
				ENABLE_PREVIEWS = YES;
				GENERATE_INFOPLIST_FILE = YES;
				INFOPLIST_FILE = dream/Info.plist;
				INFOPLIST_KEY_LSApplicationCategoryType = "";
				INFOPLIST_KEY_LSSupportsOpeningDocumentsInPlace = NO;
				INFOPLIST_KEY_NSLocalNetworkUsageDescription = "DreamFinder needs local-network access to talk to the development server running on your Mac.";
				INFOPLIST_KEY_NSMicrophoneUsageDescription = "";
				INFOPLIST_KEY_UIApplicationSceneManifest_Generation = YES;
				INFOPLIST_KEY_UIApplicationSupportsIndirectInputEvents = YES;
				INFOPLIST_KEY_UILaunchScreen_Generation = YES;
				INFOPLIST_KEY_UISupportedInterfaceOrientations_iPad = "UIInterfaceOrientationPortrait UIInterfaceOrientationPortraitUpsideDown UIInterfaceOrientationLandscapeLeft UIInterfaceOrientationLandscapeRight";
				INFOPLIST_KEY_UISupportedInterfaceOrientations_iPhone = "UIInterfaceOrientationPortrait UIInterfaceOrientationLandscapeLeft UIInterfaceOrientationLandscapeRight";
				LD_RUNPATH_SEARCH_PATHS = (
					"$(inherited)",
					"@executable_path/Frameworks",
				);
				MARKETING_VERSION = 1.0;
				PRODUCT_BUNDLE_IDENTIFIER = jaiden.dream.vivek;
				PRODUCT_NAME = "$(TARGET_NAME)";
				SWIFT_EMIT_LOC_STRINGS = YES;
				SWIFT_STRICT_CONCURRENCY = complete;
				SWIFT_VERSION = 5.0;
				TARGETED_DEVICE_FAMILY = "1,2";
				_EXPERIMENTAL_SWIFT_EXPLICIT_MODULES = YES;
			};
			name = Release;
		};
		95467E312E02037C00885C6F /* Debug */ = {
			isa = XCBuildConfiguration;
			buildSettings = {
				BUNDLE_LOADER = "$(TEST_HOST)";
				CODE_SIGN_STYLE = Automatic;
				CURRENT_PROJECT_VERSION = 1;
				GENERATE_INFOPLIST_FILE = YES;
				IPHONEOS_DEPLOYMENT_TARGET = 18.5;
				MARKETING_VERSION = 1.0;
				PRODUCT_BUNDLE_IDENTIFIER = jaiden.dreamTests;
				PRODUCT_NAME = "$(TARGET_NAME)";
				SWIFT_EMIT_LOC_STRINGS = NO;
				SWIFT_VERSION = 5.0;
				TARGETED_DEVICE_FAMILY = "1,2";
				TEST_HOST = "$(BUILT_PRODUCTS_DIR)/dream.app/$(BUNDLE_EXECUTABLE_FOLDER_PATH)/dream";
			};
			name = Debug;
		};
		95467E322E02037C00885C6F /* Release */ = {
			isa = XCBuildConfiguration;
			buildSettings = {
				BUNDLE_LOADER = "$(TEST_HOST)";
				CODE_SIGN_STYLE = Automatic;
				CURRENT_PROJECT_VERSION = 1;
				GENERATE_INFOPLIST_FILE = YES;
				IPHONEOS_DEPLOYMENT_TARGET = 18.5;
				MARKETING_VERSION = 1.0;
				PRODUCT_BUNDLE_IDENTIFIER = jaiden.dreamTests;
				PRODUCT_NAME = "$(TARGET_NAME)";
				SWIFT_EMIT_LOC_STRINGS = NO;
				SWIFT_VERSION = 5.0;
				TARGETED_DEVICE_FAMILY = "1,2";
				TEST_HOST = "$(BUILT_PRODUCTS_DIR)/dream.app/$(BUNDLE_EXECUTABLE_FOLDER_PATH)/dream";
			};
			name = Release;
		};
		95467E342E02037C00885C6F /* Debug */ = {
			isa = XCBuildConfiguration;
			buildSettings = {
				CODE_SIGN_STYLE = Automatic;
				CURRENT_PROJECT_VERSION = 1;
				GENERATE_INFOPLIST_FILE = YES;
				MARKETING_VERSION = 1.0;
				PRODUCT_BUNDLE_IDENTIFIER = jaiden.dreamUITests;
				PRODUCT_NAME = "$(TARGET_NAME)";
				SWIFT_EMIT_LOC_STRINGS = NO;
				SWIFT_VERSION = 5.0;
				TARGETED_DEVICE_FAMILY = "1,2";
				TEST_TARGET_NAME = dream;
			};
			name = Debug;
		};
		95467E352E02037C00885C6F /* Release */ = {
			isa = XCBuildConfiguration;
			buildSettings = {
				CODE_SIGN_STYLE = Automatic;
				CURRENT_PROJECT_VERSION = 1;
				GENERATE_INFOPLIST_FILE = YES;
				MARKETING_VERSION = 1.0;
				PRODUCT_BUNDLE_IDENTIFIER = jaiden.dreamUITests;
				PRODUCT_NAME = "$(TARGET_NAME)";
				SWIFT_EMIT_LOC_STRINGS = NO;
				SWIFT_VERSION = 5.0;
				TARGETED_DEVICE_FAMILY = "1,2";
				TEST_TARGET_NAME = dream;
			};
			name = Release;
		};
/* End XCBuildConfiguration section */

/* Begin XCConfigurationList section */
		952695632E0732B40087F470 /* Build configuration list for PBXNativeTarget "DreamWidgetsExtension" */ = {
			isa = XCConfigurationList;
			buildConfigurations = (
				952695642E0732B40087F470 /* Debug */,
				952695652E0732B40087F470 /* Release */,
			);
			defaultConfigurationIsVisible = 0;
			defaultConfigurationName = Release;
		};
		95467E072E02037B00885C6F /* Build configuration list for PBXProject "dream" */ = {
			isa = XCConfigurationList;
			buildConfigurations = (
				95467E2B2E02037C00885C6F /* Debug */,
				95467E2C2E02037C00885C6F /* Release */,
			);
			defaultConfigurationIsVisible = 0;
			defaultConfigurationName = Release;
		};
		95467E2D2E02037C00885C6F /* Build configuration list for PBXNativeTarget "dream" */ = {
			isa = XCConfigurationList;
			buildConfigurations = (
				95467E2E2E02037C00885C6F /* Debug */,
				95467E2F2E02037C00885C6F /* Release */,
			);
			defaultConfigurationIsVisible = 0;
			defaultConfigurationName = Release;
		};
		95467E302E02037C00885C6F /* Build configuration list for PBXNativeTarget "dreamTests" */ = {
			isa = XCConfigurationList;
			buildConfigurations = (
				95467E312E02037C00885C6F /* Debug */,
				95467E322E02037C00885C6F /* Release */,
			);
			defaultConfigurationIsVisible = 0;
			defaultConfigurationName = Release;
		};
		95467E332E02037C00885C6F /* Build configuration list for PBXNativeTarget "dreamUITests" */ = {
			isa = XCConfigurationList;
			buildConfigurations = (
				95467E342E02037C00885C6F /* Debug */,
				95467E352E02037C00885C6F /* Release */,
			);
			defaultConfigurationIsVisible = 0;
			defaultConfigurationName = Release;
		};
/* End XCConfigurationList section */

/* Begin XCSwiftPackageProductDependency section */
		95092FAC2E034D5D0051A29F /* DomainLogic */ = {
			isa = XCSwiftPackageProductDependency;
			productName = DomainLogic;
		};
		95092FAF2E034DB50051A29F /* CoreModels */ = {
			isa = XCSwiftPackageProductDependency;
			productName = CoreModels;
		};
		95092FB32E036E490051A29F /* Features */ = {
			isa = XCSwiftPackageProductDependency;
			productName = Features;
		};
		95092FB52E036E4C0051A29F /* Infrastructure */ = {
			isa = XCSwiftPackageProductDependency;
			productName = Infrastructure;
		};
/* End XCSwiftPackageProductDependency section */
	};
	rootObject = 95467E042E02037B00885C6F /* Project object */;
}
